
Microsoft Visual Studio Solution File, Format Version 12.00
# Visual Studio Version 17
VisualStudioVersion = 17.9.34622.214
MinimumVisualStudioVersion = 10.0.40219.1
Project("{FAE04EC0-301F-11D3-BF4B-00C04F79EFBC}") = "PRELIM_E3_ANDO_JOSHUA_BSIT32E1", "PRELIM_E3_ANDO_JOSHUA_BSIT32E1\PRELIM_E3_ANDO_JOSHUA_BSIT32E1.csproj", "{10A2A1F9-3514-40F4-BA7B-9BF36D33D1BE}"
EndProject
Global
	GlobalSection(SolutionConfigurationPlatforms) = preSolution
		Debug|Any CPU = Debug|Any CPU
		Release|Any CPU = Release|Any CPU
	EndGlobalSection
	GlobalSection(ProjectConfigurationPlatforms) = postSolution
		{10A2A1F9-3514-40F4-BA7B-9BF36D33D1BE}.Debug|Any CPU.ActiveCfg = Debug|Any CPU
		{10A2A1F9-3514-40F4-BA7B-9BF36D33D1BE}.Debug|Any CPU.Build.0 = Debug|Any CPU
		{10A2A1F9-3514-40F4-BA7B-9BF36D33D1BE}.Release|Any CPU.ActiveCfg = Release|Any CPU
		{10A2A1F9-3514-40F4-BA7B-9BF36D33D1BE}.Release|Any CPU.Build.0 = Release|Any CPU
	EndGlobalSection
	GlobalSection(SolutionProperties) = preSolution
		HideSolutionNode = FALSE
	EndGlobalSection
	GlobalSection(ExtensibilityGlobals) = postSolution
		SolutionGuid = {2F606A4F-E6E5-483D-A00A-A9F544F231F8}
	EndGlobalSection
EndGlobal
